{
  "name": "wwwroot",
  "lockfileVersion": 2,
  "requires": true,
  "packages": {
    "": {
      "dependencies": {
        "@grapecity/wyn-integration": "^6.0.4"
      }
    },
    "node_modules/@grapecity/wyn-integration": {
      "version": "6.0.4",
      "resolved": "https://registry.npmjs.org/@grapecity/wyn-integration/-/wyn-integration-6.0.4.tgz",
      "integrity": "sha512-RVSYxfqRH9Mw13F0dTduAM0zWKr4e6sw0EDlmGoCy23Dmbj/x/O8JrAy/hAWJtx+NDI2e1GJUbNsC5MMIWGtIA=="
    }
  },
  "dependencies": {
    "@grapecity/wyn-integration": {
      "version": "6.0.4",
      "resolved": "https://registry.npmjs.org/@grapecity/wyn-integration/-/wyn-integration-6.0.4.tgz",
      "integrity": "sha512-RVSYxfqRH9Mw13F0dTduAM0zWKr4e6sw0EDlmGoCy23Dmbj/x/O8JrAy/hAWJtx+NDI2e1GJUbNsC5MMIWGtIA=="
    }
  }
}
