{
  "name": "wwwroot",
  "lockfileVersion": 2,
  "requires": true,
  "packages": {
    "": {
      "dependencies": {
        "@grapecity/wyn-integration": "^7.0.40"
      }
    },
    "node_modules/@grapecity/wyn-integration": {
      "version": "7.0.44",
      "resolved": "https://registry.npmjs.org/@grapecity/wyn-integration/-/wyn-integration-7.0.44.tgz",
      "integrity": "sha512-JldPJDSvh6xTM6AEZGYpTtRXw2C8aq1HiRiFE3RSB+eF5Mf28DGUijBRAN44qsFVmjfNcaigq03M7u/MLkNahQ=="
    }
  },
  "dependencies": {
    "@grapecity/wyn-integration": {
      "version": "7.0.44",
      "resolved": "https://registry.npmjs.org/@grapecity/wyn-integration/-/wyn-integration-7.0.44.tgz",
      "integrity": "sha512-JldPJDSvh6xTM6AEZGYpTtRXw2C8aq1HiRiFE3RSB+eF5Mf28DGUijBRAN44qsFVmjfNcaigq03M7u/MLkNahQ=="
    }
  }
}
